# This file is generated by running "yarn install" inside your project.
# Manual changes might be lost - proceed with caution!

__metadata:
  version: 8
  cacheKey: 10c0

"@inquirer/ansi@npm:^1.0.1":
  version: 1.0.1
  resolution: "@inquirer/ansi@npm:1.0.1"
  checksum: 10c0/b0da2f25bbbe197946e717603f95ad0eacb098fcab1c9296cdf21f7c68fca830f589bf3e1b6803ada8dae8ce5e67fd7bb0e00909185e905333a84daacb81b473
  languageName: node
  linkType: hard

"@inquirer/checkbox@npm:^4.3.0":
  version: 4.3.0
  resolution: "@inquirer/checkbox@npm:4.3.0"
  dependencies:
    "@inquirer/ansi": "npm:^1.0.1"
    "@inquirer/core": "npm:^10.3.0"
    "@inquirer/figures": "npm:^1.0.14"
    "@inquirer/type": "npm:^3.0.9"
    yoctocolors-cjs: "npm:^2.1.2"
  peerDependencies:
    "@types/node": ">=18"
  peerDependenciesMeta:
    "@types/node":
      optional: true
  checksum: 10c0/d17b72063bf7b9b24a9bba530d6e1b553b8b8d84b9c221cec33480dfb11000554e041d9d1467248926844a91efd6cd07e753d1954ea9f80f2546543ae80161ff
  languageName: node
  linkType: hard

"@inquirer/confirm@npm:^5.1.19":
  version: 5.1.19
  resolution: "@inquirer/confirm@npm:5.1.19"
  dependencies:
    "@inquirer/core": "npm:^10.3.0"
    "@inquirer/type": "npm:^3.0.9"
  peerDependencies:
    "@types/node": ">=18"
  peerDependenciesMeta:
    "@types/node":
      optional: true
  checksum: 10c0/bfd6a6caf8192d8d1a815ddfeae46629369477e1b3bf7092b7ba2706b1285c8760d7ad86e7b2e68a5fa49d8735b83a50642b21026e8fe284ffc5d2b36666fab7
  languageName: node
  linkType: hard

"@inquirer/core@npm:^10.3.0":
  version: 10.3.0
  resolution: "@inquirer/core@npm:10.3.0"
  dependencies:
    "@inquirer/ansi": "npm:^1.0.1"
    "@inquirer/figures": "npm:^1.0.14"
    "@inquirer/type": "npm:^3.0.9"
    cli-width: "npm:^4.1.0"
    mute-stream: "npm:^2.0.0"
    signal-exit: "npm:^4.1.0"
    wrap-ansi: "npm:^6.2.0"
    yoctocolors-cjs: "npm:^2.1.2"
  peerDependencies:
    "@types/node": ">=18"
  peerDependenciesMeta:
    "@types/node":
      optional: true
  checksum: 10c0/174baa46ba9b4239a8e20d01d7ab890fd5d3d535c5473c864b0863d18d56b63a5dd0d657d646c0cb260965f4ed12089484f99d8abeaf0fa0961b619d708d8d7a
  languageName: node
  linkType: hard

"@inquirer/editor@npm:^4.2.21":
  version: 4.2.21
  resolution: "@inquirer/editor@npm:4.2.21"
  dependencies:
    "@inquirer/core": "npm:^10.3.0"
    "@inquirer/external-editor": "npm:^1.0.2"
    "@inquirer/type": "npm:^3.0.9"
  peerDependencies:
    "@types/node": ">=18"
  peerDependenciesMeta:
    "@types/node":
      optional: true
  checksum: 10c0/ea3d75b03a8558df424914999970961e3ee78aae84ce5629f172054c83f03aefe03c50ba18be41b11909ebbe97251f8c3aadd0c8264637d4f59b245ac0cf5275
  languageName: node
  linkType: hard

"@inquirer/expand@npm:^4.0.21":
  version: 4.0.21
  resolution: "@inquirer/expand@npm:4.0.21"
  dependencies:
    "@inquirer/core": "npm:^10.3.0"
    "@inquirer/type": "npm:^3.0.9"
    yoctocolors-cjs: "npm:^2.1.2"
  peerDependencies:
    "@types/node": ">=18"
  peerDependenciesMeta:
    "@types/node":
      optional: true
  checksum: 10c0/906272572e5ec4accda2eb6ce99265d1507253dae4c0416d45ac5900c012dba642c954fe7bddfd2743a0f921f4232a07a9f9eb291cb4a60a11f0026e07eadffd
  languageName: node
  linkType: hard

"@inquirer/external-editor@npm:^1.0.2":
  version: 1.0.2
  resolution: "@inquirer/external-editor@npm:1.0.2"
  dependencies:
    chardet: "npm:^2.1.0"
    iconv-lite: "npm:^0.7.0"
  peerDependencies:
    "@types/node": ">=18"
  peerDependenciesMeta:
    "@types/node":
      optional: true
  checksum: 10c0/414a3a2a9733459c57452d84ef19ff002222303d19041580685681153132d2a30af8f90f269b3967c30c670fa689dbb7d4fc25a86dc66f029eebe90dc7467b0a
  languageName: node
  linkType: hard

"@inquirer/figures@npm:^1.0.14":
  version: 1.0.14
  resolution: "@inquirer/figures@npm:1.0.14"
  checksum: 10c0/e19487d1d54db4ee9de2bd60792fa04c422b81ccfcf8307c8a8d385364c18622373e08a7f124d8c92383ef74edd20c3e3be1d7c2fdf31beccd5819c0d7809532
  languageName: node
  linkType: hard

"@inquirer/input@npm:^4.2.5":
  version: 4.2.5
  resolution: "@inquirer/input@npm:4.2.5"
  dependencies:
    "@inquirer/core": "npm:^10.3.0"
    "@inquirer/type": "npm:^3.0.9"
  peerDependencies:
    "@types/node": ">=18"
  peerDependenciesMeta:
    "@types/node":
      optional: true
  checksum: 10c0/d12e92fde89c400059e614cb4649b5186bd084571958ac226e70a3337954350a565211bb76783daab20854cd1912c6dea4683038183c5bde0dbf126ff5dbc078
  languageName: node
  linkType: hard

"@inquirer/number@npm:^3.0.21":
  version: 3.0.21
  resolution: "@inquirer/number@npm:3.0.21"
  dependencies:
    "@inquirer/core": "npm:^10.3.0"
    "@inquirer/type": "npm:^3.0.9"
  peerDependencies:
    "@types/node": ">=18"
  peerDependenciesMeta:
    "@types/node":
      optional: true
  checksum: 10c0/657209f8760db656f485005d92702f5cc798e64b45daa3f6791206448fe0156997165877a02cfa202c1c877dc361f97f4c993979335f1107f94734ff31b4b774
  languageName: node
  linkType: hard

"@inquirer/password@npm:^4.0.21":
  version: 4.0.21
  resolution: "@inquirer/password@npm:4.0.21"
  dependencies:
    "@inquirer/ansi": "npm:^1.0.1"
    "@inquirer/core": "npm:^10.3.0"
    "@inquirer/type": "npm:^3.0.9"
  peerDependencies:
    "@types/node": ">=18"
  peerDependenciesMeta:
    "@types/node":
      optional: true
  checksum: 10c0/0d30c7e500fc611eea8e84db5688159221e1f4e4d8346b85b9d1d0a8b4b1f0bae7ee656bc05eec7cdadc271898a46ac634955c09c8c9605440c27d72d3502d45
  languageName: node
  linkType: hard

"@inquirer/prompts@npm:^7.9.0":
  version: 7.9.0
  resolution: "@inquirer/prompts@npm:7.9.0"
  dependencies:
    "@inquirer/checkbox": "npm:^4.3.0"
    "@inquirer/confirm": "npm:^5.1.19"
    "@inquirer/editor": "npm:^4.2.21"
    "@inquirer/expand": "npm:^4.0.21"
    "@inquirer/input": "npm:^4.2.5"
    "@inquirer/number": "npm:^3.0.21"
    "@inquirer/password": "npm:^4.0.21"
    "@inquirer/rawlist": "npm:^4.1.9"
    "@inquirer/search": "npm:^3.2.0"
    "@inquirer/select": "npm:^4.4.0"
  peerDependencies:
    "@types/node": ">=18"
  peerDependenciesMeta:
    "@types/node":
      optional: true
  checksum: 10c0/e10a62b75a660a5dd272f322fd366a526393752f183bddbd485806a5cd0efb715917b16d9a6f661c81d13ee8ccd3c96bb663814808806b9ff7539ee46d479d87
  languageName: node
  linkType: hard

"@inquirer/rawlist@npm:^4.1.9":
  version: 4.1.9
  resolution: "@inquirer/rawlist@npm:4.1.9"
  dependencies:
    "@inquirer/core": "npm:^10.3.0"
    "@inquirer/type": "npm:^3.0.9"
    yoctocolors-cjs: "npm:^2.1.2"
  peerDependencies:
    "@types/node": ">=18"
  peerDependenciesMeta:
    "@types/node":
      optional: true
  checksum: 10c0/ad7f9fd123b89960d500b1755ab2f6783f5a605ff4aeeb10d6eee765be41debde31b40067d03e814e2c382a198eb0b1c00eb7ebefa13088059b29eeafce7e924
  languageName: node
  linkType: hard

"@inquirer/search@npm:^3.2.0":
  version: 3.2.0
  resolution: "@inquirer/search@npm:3.2.0"
  dependencies:
    "@inquirer/core": "npm:^10.3.0"
    "@inquirer/figures": "npm:^1.0.14"
    "@inquirer/type": "npm:^3.0.9"
    yoctocolors-cjs: "npm:^2.1.2"
  peerDependencies:
    "@types/node": ">=18"
  peerDependenciesMeta:
    "@types/node":
      optional: true
  checksum: 10c0/623eb5f53984d87a7f66fef73913d3129f09a4d0fb6a311f3020cb3559ad9d006d66c532f99010d1448518be38c9a1fbb5617d906ec9e361c7959bd7360173d9
  languageName: node
  linkType: hard

"@inquirer/select@npm:^4.4.0":
  version: 4.4.0
  resolution: "@inquirer/select@npm:4.4.0"
  dependencies:
    "@inquirer/ansi": "npm:^1.0.1"
    "@inquirer/core": "npm:^10.3.0"
    "@inquirer/figures": "npm:^1.0.14"
    "@inquirer/type": "npm:^3.0.9"
    yoctocolors-cjs: "npm:^2.1.2"
  peerDependencies:
    "@types/node": ">=18"
  peerDependenciesMeta:
    "@types/node":
      optional: true
  checksum: 10c0/9ab3811342f293e49eff60c85117612226c54aebda09db7f2354eabb95df55e02a8a4a674cb3514c12cf7c3dc6df4ef1addc4e41e006f52c17d9cee50208643a
  languageName: node
  linkType: hard

"@inquirer/type@npm:^3.0.9":
  version: 3.0.9
  resolution: "@inquirer/type@npm:3.0.9"
  peerDependencies:
    "@types/node": ">=18"
  peerDependenciesMeta:
    "@types/node":
      optional: true
  checksum: 10c0/bf036f9fac2519e7f710507ef1fab7c1149242a1e6490600fc18498175c0c0bc4a8f121592ab4eeb6b7b5acbc7cc6aedb0ad461bf4a12bc329e49168bbe7b61f
  languageName: node
  linkType: hard

"@types/node@npm:^24.8.1":
  version: 24.8.1
  resolution: "@types/node@npm:24.8.1"
  dependencies:
    undici-types: "npm:~7.14.0"
  checksum: 10c0/d185f2f14aa26cc2b482aa730bfc452943f9636df37aad6ceed80aa397f1278f894043336bd72f74c47b3dbef23e772ac9b1a256168984aa8aee26836132d290
  languageName: node
  linkType: hard

"ansi-regex@npm:^5.0.1":
  version: 5.0.1
  resolution: "ansi-regex@npm:5.0.1"
  checksum: 10c0/9a64bb8627b434ba9327b60c027742e5d17ac69277960d041898596271d992d4d52ba7267a63ca10232e29f6107fc8a835f6ce8d719b88c5f8493f8254813737
  languageName: node
  linkType: hard

"ansi-regex@npm:^6.0.1":
  version: 6.2.2
  resolution: "ansi-regex@npm:6.2.2"
  checksum: 10c0/05d4acb1d2f59ab2cf4b794339c7b168890d44dda4bf0ce01152a8da0213aca207802f930442ce8cd22d7a92f44907664aac6508904e75e038fa944d2601b30f
  languageName: node
  linkType: hard

"ansi-styles@npm:^4.0.0":
  version: 4.3.0
  resolution: "ansi-styles@npm:4.3.0"
  dependencies:
    color-convert: "npm:^2.0.1"
  checksum: 10c0/895a23929da416f2bd3de7e9cb4eabd340949328ab85ddd6e484a637d8f6820d485f53933446f5291c3b760cbc488beb8e88573dd0f9c7daf83dccc8fe81b041
  languageName: node
  linkType: hard

"chalk@npm:^5.6.2":
  version: 5.6.2
  resolution: "chalk@npm:5.6.2"
  checksum: 10c0/99a4b0f0e7991796b1e7e3f52dceb9137cae2a9dfc8fc0784a550dc4c558e15ab32ed70b14b21b52beb2679b4892b41a0aa44249bcb996f01e125d58477c6976
  languageName: node
  linkType: hard

"chardet@npm:^2.1.0":
  version: 2.1.0
  resolution: "chardet@npm:2.1.0"
  checksum: 10c0/d1b03e47371851ed72741a898281d58f8a9b577aeea6fdfa75a86832898b36c550b3ad057e66d50d774a9cebd9f56c66b6880e4fe75e387794538ba7565b0b6f
  languageName: node
  linkType: hard

"cli-cursor@npm:^5.0.0":
  version: 5.0.0
  resolution: "cli-cursor@npm:5.0.0"
  dependencies:
    restore-cursor: "npm:^5.0.0"
  checksum: 10c0/7ec62f69b79f6734ab209a3e4dbdc8af7422d44d360a7cb1efa8a0887bbe466a6e625650c466fe4359aee44dbe2dc0b6994b583d40a05d0808a5cb193641d220
  languageName: node
  linkType: hard

"cli-spinners@npm:^3.2.0":
  version: 3.3.0
  resolution: "cli-spinners@npm:3.3.0"
  checksum: 10c0/ce7278be322655e564df4383a2d79ad2c357b43e5771428f33ca69334fde6881d050652ee19854e9ab177867850c9365c2090fdb9fae145b23ceee21bdc77b7e
  languageName: node
  linkType: hard

"cli-width@npm:^4.1.0":
  version: 4.1.0
  resolution: "cli-width@npm:4.1.0"
  checksum: 10c0/1fbd56413578f6117abcaf858903ba1f4ad78370a4032f916745fa2c7e390183a9d9029cf837df320b0fdce8137668e522f60a30a5f3d6529ff3872d265a955f
  languageName: node
  linkType: hard

"color-convert@npm:^2.0.1":
  version: 2.0.1
  resolution: "color-convert@npm:2.0.1"
  dependencies:
    color-name: "npm:~1.1.4"
  checksum: 10c0/37e1150172f2e311fe1b2df62c6293a342ee7380da7b9cfdba67ea539909afbd74da27033208d01d6d5cfc65ee7868a22e18d7e7648e004425441c0f8a15a7d7
  languageName: node
  linkType: hard

"color-name@npm:~1.1.4":
  version: 1.1.4
  resolution: "color-name@npm:1.1.4"
  checksum: 10c0/a1a3f914156960902f46f7f56bc62effc6c94e84b2cae157a526b1c1f74b677a47ec602bf68a61abfa2b42d15b7c5651c6dbe72a43af720bc588dff885b10f95
  languageName: node
  linkType: hard

"commander@npm:^14.0.0, commander@npm:^14.0.1":
  version: 14.0.1
  resolution: "commander@npm:14.0.1"
  checksum: 10c0/64439c0651ddd01c1d0f48c8f08e97c18a0a1fa693879451f1203ad01132af2c2aa85da24cf0d8e098ab9e6dc385a756be670d2999a3c628ec745c3ec124587b
  languageName: node
  linkType: hard

"diary_scripts@workspace:.":
  version: 0.0.0-use.local
  resolution: "diary_scripts@workspace:."
  dependencies:
    "@types/node": "npm:^24.8.1"
    chalk: "npm:^5.6.2"
    commander: "npm:^14.0.1"
    figlet: "npm:^1.9.3"
    inquirer: "npm:^12.10.0"
    ora: "npm:^9.0.0"
    typescript: "npm:^5.9.3"
  bin:
    diary: index.js
  languageName: unknown
  linkType: soft

"emoji-regex@npm:^8.0.0":
  version: 8.0.0
  resolution: "emoji-regex@npm:8.0.0"
  checksum: 10c0/b6053ad39951c4cf338f9092d7bfba448cdfd46fe6a2a034700b149ac9ffbc137e361cbd3c442297f86bed2e5f7576c1b54cc0a6bf8ef5106cc62f496af35010
  languageName: node
  linkType: hard

"figlet@npm:^1.9.3":
  version: 1.9.3
  resolution: "figlet@npm:1.9.3"
  dependencies:
    commander: "npm:^14.0.0"
  bin:
    figlet: bin/index.js
  checksum: 10c0/fbe02933b86713e56217d0c7d4a77c2950cb5bcfc1e7419daf7b2d3d172a4bc84f4d083c5172d000a82fcf67cba810aee8b96a8387b286cb5227db90b68ab5a0
  languageName: node
  linkType: hard

"get-east-asian-width@npm:^1.3.0":
  version: 1.4.0
  resolution: "get-east-asian-width@npm:1.4.0"
  checksum: 10c0/4e481d418e5a32061c36fbb90d1b225a254cc5b2df5f0b25da215dcd335a3c111f0c2023ffda43140727a9cafb62dac41d022da82c08f31083ee89f714ee3b83
  languageName: node
  linkType: hard

"iconv-lite@npm:^0.7.0":
  version: 0.7.0
  resolution: "iconv-lite@npm:0.7.0"
  dependencies:
    safer-buffer: "npm:>= 2.1.2 < 3.0.0"
  checksum: 10c0/2382400469071c55b6746c531eed5fa4d033e5db6690b7331fb2a5f59a30d7a9782932e92253db26df33c1cf46fa200a3fbe524a2a7c62037c762283f188ec2f
  languageName: node
  linkType: hard

"inquirer@npm:^12.10.0":
  version: 12.10.0
  resolution: "inquirer@npm:12.10.0"
  dependencies:
    "@inquirer/ansi": "npm:^1.0.1"
    "@inquirer/core": "npm:^10.3.0"
    "@inquirer/prompts": "npm:^7.9.0"
    "@inquirer/type": "npm:^3.0.9"
    mute-stream: "npm:^2.0.0"
    run-async: "npm:^4.0.5"
    rxjs: "npm:^7.8.2"
  peerDependencies:
    "@types/node": ">=18"
  peerDependenciesMeta:
    "@types/node":
      optional: true
  checksum: 10c0/b066a5bd3976da69ade8421041f775c539eb57085e730b6c29972aa0f392f85d943871b53a2d256506cd281e59e03905068bee86847b495e51ea32d3c96c7b7a
  languageName: node
  linkType: hard

"is-fullwidth-code-point@npm:^3.0.0":
  version: 3.0.0
  resolution: "is-fullwidth-code-point@npm:3.0.0"
  checksum: 10c0/bb11d825e049f38e04c06373a8d72782eee0205bda9d908cc550ccb3c59b99d750ff9537982e01733c1c94a58e35400661f57042158ff5e8f3e90cf936daf0fc
  languageName: node
  linkType: hard

"is-interactive@npm:^2.0.0":
  version: 2.0.0
  resolution: "is-interactive@npm:2.0.0"
  checksum: 10c0/801c8f6064f85199dc6bf99b5dd98db3282e930c3bc197b32f2c5b89313bb578a07d1b8a01365c4348c2927229234f3681eb861b9c2c92bee72ff397390fa600
  languageName: node
  linkType: hard

"is-unicode-supported@npm:^2.0.0, is-unicode-supported@npm:^2.1.0":
  version: 2.1.0
  resolution: "is-unicode-supported@npm:2.1.0"
  checksum: 10c0/a0f53e9a7c1fdbcf2d2ef6e40d4736fdffff1c9f8944c75e15425118ff3610172c87bf7bc6c34d3903b04be59790bb2212ddbe21ee65b5a97030fc50370545a5
  languageName: node
  linkType: hard

"log-symbols@npm:^7.0.1":
  version: 7.0.1
  resolution: "log-symbols@npm:7.0.1"
  dependencies:
    is-unicode-supported: "npm:^2.0.0"
    yoctocolors: "npm:^2.1.1"
  checksum: 10c0/71d30f9a44b8604b14df5e7c9b579d739997253db7385339d493ece41ee2cc74c1f96c5b4c0b2c1e0829b05348d4f287e68faab495b7a094a80f51351c816075
  languageName: node
  linkType: hard

"mimic-function@npm:^5.0.0":
  version: 5.0.1
  resolution: "mimic-function@npm:5.0.1"
  checksum: 10c0/f3d9464dd1816ecf6bdf2aec6ba32c0728022039d992f178237d8e289b48764fee4131319e72eedd4f7f094e22ded0af836c3187a7edc4595d28dd74368fd81d
  languageName: node
  linkType: hard

"mute-stream@npm:^2.0.0":
  version: 2.0.0
  resolution: "mute-stream@npm:2.0.0"
  checksum: 10c0/2cf48a2087175c60c8dcdbc619908b49c07f7adcfc37d29236b0c5c612d6204f789104c98cc44d38acab7b3c96f4a3ec2cfdc4934d0738d876dbefa2a12c69f4
  languageName: node
  linkType: hard

"onetime@npm:^7.0.0":
  version: 7.0.0
  resolution: "onetime@npm:7.0.0"
  dependencies:
    mimic-function: "npm:^5.0.0"
  checksum: 10c0/5cb9179d74b63f52a196a2e7037ba2b9a893245a5532d3f44360012005c9cadb60851d56716ebff18a6f47129dab7168022445df47c2aff3b276d92585ed1221
  languageName: node
  linkType: hard

"ora@npm:^9.0.0":
  version: 9.0.0
  resolution: "ora@npm:9.0.0"
  dependencies:
    chalk: "npm:^5.6.2"
    cli-cursor: "npm:^5.0.0"
    cli-spinners: "npm:^3.2.0"
    is-interactive: "npm:^2.0.0"
    is-unicode-supported: "npm:^2.1.0"
    log-symbols: "npm:^7.0.1"
    stdin-discarder: "npm:^0.2.2"
    string-width: "npm:^8.1.0"
    strip-ansi: "npm:^7.1.2"
  checksum: 10c0/1ec886a9a458eccd335bc66d9bf8a9ded2d3c3fc44416676c90bd72161b677559a7e9bde981b06066ac1be57cc62025f0d1319a376855cb64bb3403637a3815b
  languageName: node
  linkType: hard

"restore-cursor@npm:^5.0.0":
  version: 5.1.0
  resolution: "restore-cursor@npm:5.1.0"
  dependencies:
    onetime: "npm:^7.0.0"
    signal-exit: "npm:^4.1.0"
  checksum: 10c0/c2ba89131eea791d1b25205bdfdc86699767e2b88dee2a590b1a6caa51737deac8bad0260a5ded2f7c074b7db2f3a626bcf1fcf3cdf35974cbeea5e2e6764f60
  languageName: node
  linkType: hard

"run-async@npm:^4.0.5":
  version: 4.0.6
  resolution: "run-async@npm:4.0.6"
  checksum: 10c0/3e512c689d356238a06a59839deddeb09aec23bc66f780fe970fcf12b64bfc00c6880e9530ea22b8cf88a927145561f5a43343d8be87166e849ec0daaa3d4cf4
  languageName: node
  linkType: hard

"rxjs@npm:^7.8.2":
  version: 7.8.2
  resolution: "rxjs@npm:7.8.2"
  dependencies:
    tslib: "npm:^2.1.0"
  checksum: 10c0/1fcd33d2066ada98ba8f21fcbbcaee9f0b271de1d38dc7f4e256bfbc6ffcdde68c8bfb69093de7eeb46f24b1fb820620bf0223706cff26b4ab99a7ff7b2e2c45
  languageName: node
  linkType: hard

"safer-buffer@npm:>= 2.1.2 < 3.0.0":
  version: 2.1.2
  resolution: "safer-buffer@npm:2.1.2"
  checksum: 10c0/7e3c8b2e88a1841c9671094bbaeebd94448111dd90a81a1f606f3f67708a6ec57763b3b47f06da09fc6054193e0e6709e77325415dc8422b04497a8070fa02d4
  languageName: node
  linkType: hard

"signal-exit@npm:^4.1.0":
  version: 4.1.0
  resolution: "signal-exit@npm:4.1.0"
  checksum: 10c0/41602dce540e46d599edba9d9860193398d135f7ff72cab629db5171516cfae628d21e7bfccde1bbfdf11c48726bc2a6d1a8fb8701125852fbfda7cf19c6aa83
  languageName: node
  linkType: hard

"stdin-discarder@npm:^0.2.2":
  version: 0.2.2
  resolution: "stdin-discarder@npm:0.2.2"
  checksum: 10c0/c78375e82e956d7a64be6e63c809c7f058f5303efcaf62ea48350af072bacdb99c06cba39209b45a071c1acbd49116af30df1df9abb448df78a6005b72f10537
  languageName: node
  linkType: hard

"string-width@npm:^4.1.0":
  version: 4.2.3
  resolution: "string-width@npm:4.2.3"
  dependencies:
    emoji-regex: "npm:^8.0.0"
    is-fullwidth-code-point: "npm:^3.0.0"
    strip-ansi: "npm:^6.0.1"
  checksum: 10c0/1e525e92e5eae0afd7454086eed9c818ee84374bb80328fc41217ae72ff5f065ef1c9d7f72da41de40c75fa8bb3dee63d92373fd492c84260a552c636392a47b
  languageName: node
  linkType: hard

"string-width@npm:^8.1.0":
  version: 8.1.0
  resolution: "string-width@npm:8.1.0"
  dependencies:
    get-east-asian-width: "npm:^1.3.0"
    strip-ansi: "npm:^7.1.0"
  checksum: 10c0/749b5d0dab2532b4b6b801064230f4da850f57b3891287023117ab63a464ad79dd208f42f793458f48f3ad121fe2e1f01dd525ff27ead957ed9f205e27406593
  languageName: node
  linkType: hard

"strip-ansi@npm:^6.0.0, strip-ansi@npm:^6.0.1":
  version: 6.0.1
  resolution: "strip-ansi@npm:6.0.1"
  dependencies:
    ansi-regex: "npm:^5.0.1"
  checksum: 10c0/1ae5f212a126fe5b167707f716942490e3933085a5ff6c008ab97ab2f272c8025d3aa218b7bd6ab25729ca20cc81cddb252102f8751e13482a5199e873680952
  languageName: node
  linkType: hard

"strip-ansi@npm:^7.1.0, strip-ansi@npm:^7.1.2":
  version: 7.1.2
  resolution: "strip-ansi@npm:7.1.2"
  dependencies:
    ansi-regex: "npm:^6.0.1"
  checksum: 10c0/0d6d7a023de33368fd042aab0bf48f4f4077abdfd60e5393e73c7c411e85e1b3a83507c11af2e656188511475776215df9ca589b4da2295c9455cc399ce1858b
  languageName: node
  linkType: hard

"tslib@npm:^2.1.0":
  version: 2.8.1
  resolution: "tslib@npm:2.8.1"
  checksum: 10c0/9c4759110a19c53f992d9aae23aac5ced636e99887b51b9e61def52611732872ff7668757d4e4c61f19691e36f4da981cd9485e869b4a7408d689f6bf1f14e62
  languageName: node
  linkType: hard

"typescript@npm:^5.9.3":
  version: 5.9.3
  resolution: "typescript@npm:5.9.3"
  bin:
    tsc: bin/tsc
    tsserver: bin/tsserver
  checksum: 10c0/6bd7552ce39f97e711db5aa048f6f9995b53f1c52f7d8667c1abdc1700c68a76a308f579cd309ce6b53646deb4e9a1be7c813a93baaf0a28ccd536a30270e1c5
  languageName: node
  linkType: hard

"typescript@patch:typescript@npm%3A^5.9.3#optional!builtin<compat/typescript>":
  version: 5.9.3
  resolution: "typescript@patch:typescript@npm%3A5.9.3#optional!builtin<compat/typescript>::version=5.9.3&hash=5786d5"
  bin:
    tsc: bin/tsc
    tsserver: bin/tsserver
  checksum: 10c0/ad09fdf7a756814dce65bc60c1657b40d44451346858eea230e10f2e95a289d9183b6e32e5c11e95acc0ccc214b4f36289dcad4bf1886b0adb84d711d336a430
  languageName: node
  linkType: hard

"undici-types@npm:~7.14.0":
  version: 7.14.0
  resolution: "undici-types@npm:7.14.0"
  checksum: 10c0/e7f3214b45d788f03c51ceb33817be99c65dae203863aa9386b3ccc47201a245a7955fc721fb581da9c888b6ebad59fa3f53405214afec04c455a479908f0f14
  languageName: node
  linkType: hard

"wrap-ansi@npm:^6.2.0":
  version: 6.2.0
  resolution: "wrap-ansi@npm:6.2.0"
  dependencies:
    ansi-styles: "npm:^4.0.0"
    string-width: "npm:^4.1.0"
    strip-ansi: "npm:^6.0.0"
  checksum: 10c0/baad244e6e33335ea24e86e51868fe6823626e3a3c88d9a6674642afff1d34d9a154c917e74af8d845fd25d170c4ea9cf69a47133c3f3656e1252b3d462d9f6c
  languageName: node
  linkType: hard

"yoctocolors-cjs@npm:^2.1.2":
  version: 2.1.3
  resolution: "yoctocolors-cjs@npm:2.1.3"
  checksum: 10c0/584168ef98eb5d913473a4858dce128803c4a6cd87c0f09e954fa01126a59a33ab9e513b633ad9ab953786ed16efdd8c8700097a51635aafaeed3fef7712fa79
  languageName: node
  linkType: hard

"yoctocolors@npm:^2.1.1":
  version: 2.1.2
  resolution: "yoctocolors@npm:2.1.2"
  checksum: 10c0/b220f30f53ebc2167330c3adc86a3c7f158bcba0236f6c67e25644c3188e2571a6014ffc1321943bb619460259d3d27eb4c9cc58c2d884c1b195805883ec7066
  languageName: node
  linkType: hard
